// !$*UTF8*$!
{
	archiveVersion = 1;
	classes = {
	};
	objectVersion = 77;
	objects = {

/* Begin PBXBuildFile section */
		12CDF142FE09D806B4DCC099 /* SearchViewModelTests.swift in Sources */ = {isa = PBXBuildFile; fileRef = 39F029AC6DF1E810D43F72ED /* SearchViewModelTests.swift */; };
		16FA4CBA85F384013D462691 /* SpotifyAPIClient.swift in Sources */ = {isa = PBXBuildFile; fileRef = 787AD45A5CA461E62461ADEB /* SpotifyAPIClient.swift */; };
		190515C3A633F2083DCDDB61 /* KeychainStore.swift in Sources */ = {isa = PBXBuildFile; fileRef = 10EF63D0AFBB648FD1A9A4DA /* KeychainStore.swift */; };
		1DDE55C440A17EFCA4DED66D /* ApplicationInstallLocation.swift in Sources */ = {isa = PBXBuildFile; fileRef = D069D880FDCF98D225839715 /* ApplicationInstallLocation.swift */; };
		2C87FF2DB9E7E03B0174BD23 /* SearchViewModel.swift in Sources */ = {isa = PBXBuildFile; fileRef = 96869FF96C5499B0FA42AEEB /* SearchViewModel.swift */; };
		2F8EB7F781D9706D8AB58661 /* HotKeyManager.swift in Sources */ = {isa = PBXBuildFile; fileRef = ABD73A4C6995F36F6493BACD /* HotKeyManager.swift */; };
		3B37C3522D9F37A3AD126B69 /* AppLogger.swift in Sources */ = {isa = PBXBuildFile; fileRef = 4C6F2C9F27337DD21139BF4B /* AppLogger.swift */; };
		40E3D81CAEC80ABCD7984A1D /* AppEnvironment.swift in Sources */ = {isa = PBXBuildFile; fileRef = 52ED2795C8572894D9023914 /* AppEnvironment.swift */; };
		4251A9BC0C152380EDE25005 /* Sparkle in Frameworks */ = {isa = PBXBuildFile; productRef = 0C31B4B75B61ECA6332F9D50 /* Sparkle */; };
		5ED0FDD18425AB8DBCCEE83F /* PKCETests.swift in Sources */ = {isa = PBXBuildFile; fileRef = D1E9AFBCEE091300076462FB /* PKCETests.swift */; };
		605A51BB7DBB7C6541C7015C /* SearchPanelController.swift in Sources */ = {isa = PBXBuildFile; fileRef = 442B88ECAD41BE1D534B67FE /* SearchPanelController.swift */; };
		761224B0A70CFF59137D1FAC /* ClientConfigurationStore.swift in Sources */ = {isa = PBXBuildFile; fileRef = 61E1B1F4859670FFE7B51D53 /* ClientConfigurationStore.swift */; };
		7DA2304CAF305F3255FBA5CC /* StatusBarController.swift in Sources */ = {isa = PBXBuildFile; fileRef = 738A0057A8A7DA7D01EC72C5 /* StatusBarController.swift */; };
		8248961346F1AF80390C66DF /* AppConfiguration.swift in Sources */ = {isa = PBXBuildFile; fileRef = 091385C89FFB15A72B902C30 /* AppConfiguration.swift */; };
		9226DB52A4A136D75D4C5436 /* SearchPanelView.swift in Sources */ = {isa = PBXBuildFile; fileRef = AD1AEF4209B07B9C6E6DD430 /* SearchPanelView.swift */; };
		9D8C690C46E232B757E3CA62 /* SpotifyModels.swift in Sources */ = {isa = PBXBuildFile; fileRef = 4E9E1A010DE4009B83ABF0F4 /* SpotifyModels.swift */; };
		9EEC254F40213FE846297300 /* ClientConfigurationStoreTests.swift in Sources */ = {isa = PBXBuildFile; fileRef = 9F2BA20F6335E8D5373CCB18 /* ClientConfigurationStoreTests.swift */; };
		B547386045B20130BAF77EE8 /* PlaybackCoordinatorTests.swift in Sources */ = {isa = PBXBuildFile; fileRef = 76F13E03FBA1799533888073 /* PlaybackCoordinatorTests.swift */; };
		B78E6E21268F65FE172A56C1 /* SpotifyAuthManager.swift in Sources */ = {isa = PBXBuildFile; fileRef = 16EE1830D52EF759AC7ED75D /* SpotifyAuthManager.swift */; };
		BD6872D5F983C4EC5B373F31 /* Assets.xcassets in Resources */ = {isa = PBXBuildFile; fileRef = FCBEEDC0BAD367C382051D1B /* Assets.xcassets */; };
		D0A2E65D4CCDDF1D80C39AFA /* LaunchAtLoginManager.swift in Sources */ = {isa = PBXBuildFile; fileRef = 3B3EC5E3F1697CE6DEA8F12E /* LaunchAtLoginManager.swift */; };
		D14D0FF2DDB7A3EF29985222 /* AppDelegate.swift in Sources */ = {isa = PBXBuildFile; fileRef = CD9EB6C449AFBE35A03A691E /* AppDelegate.swift */; };
		D2CA570FFA11A472ECF14CE4 /* SpotifyModelsTests.swift in Sources */ = {isa = PBXBuildFile; fileRef = AAB1BDE29AF2896F7C83E935 /* SpotifyModelsTests.swift */; };
		D3796AD9E2BF859779CDE111 /* PlaybackCoordinator.swift in Sources */ = {isa = PBXBuildFile; fileRef = 893A52F80D221129C1EF99FD /* PlaybackCoordinator.swift */; };
		E2A4CB2704F7DA296E0221DC /* SpotifyTrayApp.swift in Sources */ = {isa = PBXBuildFile; fileRef = 5FC0702457464DEADE582A6D /* SpotifyTrayApp.swift */; };
		E67CA6246282573277F07994 /* AppleScriptTransportController.swift in Sources */ = {isa = PBXBuildFile; fileRef = 5BC936FF61D8DBFED2CB5094 /* AppleScriptTransportController.swift */; };
		EBFBABEC525CF9C596D86765 /* SearchRowState.swift in Sources */ = {isa = PBXBuildFile; fileRef = 0257466424EEAC3418CA7BB7 /* SearchRowState.swift */; };
/* End PBXBuildFile section */

/* Begin PBXContainerItemProxy section */
		8976137E80A364161994B892 /* PBXContainerItemProxy */ = {
			isa = PBXContainerItemProxy;
			containerPortal = 6B5724C31A284178B9C72F51 /* Project object */;
			proxyType = 1;
			remoteGlobalIDString = F975153DAC6147B4A17E50D4;
			remoteInfo = SpotifyTray;
		};
/* End PBXContainerItemProxy section */

/* Begin PBXFileReference section */
		0257466424EEAC3418CA7BB7 /* SearchRowState.swift */ = {isa = PBXFileReference; lastKnownFileType = sourcecode.swift; path = SearchRowState.swift; sourceTree = "<group>"; };
		091385C89FFB15A72B902C30 /* AppConfiguration.swift */ = {isa = PBXFileReference; lastKnownFileType = sourcecode.swift; path = AppConfiguration.swift; sourceTree = "<group>"; };
		10EF63D0AFBB648FD1A9A4DA /* KeychainStore.swift */ = {isa = PBXFileReference; lastKnownFileType = sourcecode.swift; path = KeychainStore.swift; sourceTree = "<group>"; };
		16EE1830D52EF759AC7ED75D /* SpotifyAuthManager.swift */ = {isa = PBXFileReference; lastKnownFileType = sourcecode.swift; path = SpotifyAuthManager.swift; sourceTree = "<group>"; };
		260743B25F2F3CA9BCEC6C2E /* SpotifyTrayTests.xctest */ = {isa = PBXFileReference; explicitFileType = wrapper.cfbundle; includeInIndex = 0; path = SpotifyTrayTests.xctest; sourceTree = BUILT_PRODUCTS_DIR; };
		39F029AC6DF1E810D43F72ED /* SearchViewModelTests.swift */ = {isa = PBXFileReference; lastKnownFileType = sourcecode.swift; path = SearchViewModelTests.swift; sourceTree = "<group>"; };
		3B3EC5E3F1697CE6DEA8F12E /* LaunchAtLoginManager.swift */ = {isa = PBXFileReference; lastKnownFileType = sourcecode.swift; path = LaunchAtLoginManager.swift; sourceTree = "<group>"; };
		3CA59B120557CBADCB26F082 /* Debug.xcconfig */ = {isa = PBXFileReference; lastKnownFileType = text.xcconfig; path = Debug.xcconfig; sourceTree = "<group>"; };
		442B88ECAD41BE1D534B67FE /* SearchPanelController.swift */ = {isa = PBXFileReference; lastKnownFileType = sourcecode.swift; path = SearchPanelController.swift; sourceTree = "<group>"; };
		4C6F2C9F27337DD21139BF4B /* AppLogger.swift */ = {isa = PBXFileReference; lastKnownFileType = sourcecode.swift; path = AppLogger.swift; sourceTree = "<group>"; };
		4E9E1A010DE4009B83ABF0F4 /* SpotifyModels.swift */ = {isa = PBXFileReference; lastKnownFileType = sourcecode.swift; path = SpotifyModels.swift; sourceTree = "<group>"; };
		52ED2795C8572894D9023914 /* AppEnvironment.swift */ = {isa = PBXFileReference; lastKnownFileType = sourcecode.swift; path = AppEnvironment.swift; sourceTree = "<group>"; };
		5BC936FF61D8DBFED2CB5094 /* AppleScriptTransportController.swift */ = {isa = PBXFileReference; lastKnownFileType = sourcecode.swift; path = AppleScriptTransportController.swift; sourceTree = "<group>"; };
		5FC0702457464DEADE582A6D /* SpotifyTrayApp.swift */ = {isa = PBXFileReference; lastKnownFileType = sourcecode.swift; path = SpotifyTrayApp.swift; sourceTree = "<group>"; };
		61E1B1F4859670FFE7B51D53 /* ClientConfigurationStore.swift */ = {isa = PBXFileReference; lastKnownFileType = sourcecode.swift; path = ClientConfigurationStore.swift; sourceTree = "<group>"; };
		738A0057A8A7DA7D01EC72C5 /* StatusBarController.swift */ = {isa = PBXFileReference; lastKnownFileType = sourcecode.swift; path = StatusBarController.swift; sourceTree = "<group>"; };
		76F13E03FBA1799533888073 /* PlaybackCoordinatorTests.swift */ = {isa = PBXFileReference; lastKnownFileType = sourcecode.swift; path = PlaybackCoordinatorTests.swift; sourceTree = "<group>"; };
		787AD45A5CA461E62461ADEB /* SpotifyAPIClient.swift */ = {isa = PBXFileReference; lastKnownFileType = sourcecode.swift; path = SpotifyAPIClient.swift; sourceTree = "<group>"; };
		893A52F80D221129C1EF99FD /* PlaybackCoordinator.swift */ = {isa = PBXFileReference; lastKnownFileType = sourcecode.swift; path = PlaybackCoordinator.swift; sourceTree = "<group>"; };
		96869FF96C5499B0FA42AEEB /* SearchViewModel.swift */ = {isa = PBXFileReference; lastKnownFileType = sourcecode.swift; path = SearchViewModel.swift; sourceTree = "<group>"; };
		9F2BA20F6335E8D5373CCB18 /* ClientConfigurationStoreTests.swift */ = {isa = PBXFileReference; lastKnownFileType = sourcecode.swift; path = ClientConfigurationStoreTests.swift; sourceTree = "<group>"; };
		AAB1BDE29AF2896F7C83E935 /* SpotifyModelsTests.swift */ = {isa = PBXFileReference; lastKnownFileType = sourcecode.swift; path = SpotifyModelsTests.swift; sourceTree = "<group>"; };
		ABD73A4C6995F36F6493BACD /* HotKeyManager.swift */ = {isa = PBXFileReference; lastKnownFileType = sourcecode.swift; path = HotKeyManager.swift; sourceTree = "<group>"; };
		AD1AEF4209B07B9C6E6DD430 /* SearchPanelView.swift */ = {isa = PBXFileReference; lastKnownFileType = sourcecode.swift; path = SearchPanelView.swift; sourceTree = "<group>"; };
		CD9EB6C449AFBE35A03A691E /* AppDelegate.swift */ = {isa = PBXFileReference; lastKnownFileType = sourcecode.swift; path = AppDelegate.swift; sourceTree = "<group>"; };
		D069D880FDCF98D225839715 /* ApplicationInstallLocation.swift */ = {isa = PBXFileReference; lastKnownFileType = sourcecode.swift; path = ApplicationInstallLocation.swift; sourceTree = "<group>"; };
		D1E9AFBCEE091300076462FB /* PKCETests.swift */ = {isa = PBXFileReference; lastKnownFileType = sourcecode.swift; path = PKCETests.swift; sourceTree = "<group>"; };
		DA84684339F7059D2A649A5E /* Release.xcconfig */ = {isa = PBXFileReference; lastKnownFileType = text.xcconfig; path = Release.xcconfig; sourceTree = "<group>"; };
		EC806032504B7C8866E92F34 /* SpotifyTray.app */ = {isa = PBXFileReference; explicitFileType = wrapper.application; includeInIndex = 0; path = SpotifyTray.app; sourceTree = BUILT_PRODUCTS_DIR; };
		FCBEEDC0BAD367C382051D1B /* Assets.xcassets */ = {isa = PBXFileReference; lastKnownFileType = folder.assetcatalog; path = Assets.xcassets; sourceTree = "<group>"; };
/* End PBXFileReference section */

/* Begin PBXFrameworksBuildPhase section */
		276D39184CDE453486DA6AC5 /* Frameworks */ = {
			isa = PBXFrameworksBuildPhase;
			buildActionMask = 2147483647;
			files = (
				4251A9BC0C152380EDE25005 /* Sparkle in Frameworks */,
			);
			runOnlyForDeploymentPostprocessing = 0;
		};
/* End PBXFrameworksBuildPhase section */

/* Begin PBXGroup section */
		0C1CF511166E64026084A68B /* UI */ = {
			isa = PBXGroup;
			children = (
				442B88ECAD41BE1D534B67FE /* SearchPanelController.swift */,
				AD1AEF4209B07B9C6E6DD430 /* SearchPanelView.swift */,
			);
			path = UI;
			sourceTree = "<group>";
		};
		11DAD2A9960510FE23C44791 /* App */ = {
			isa = PBXGroup;
			children = (
				091385C89FFB15A72B902C30 /* AppConfiguration.swift */,
				CD9EB6C449AFBE35A03A691E /* AppDelegate.swift */,
				52ED2795C8572894D9023914 /* AppEnvironment.swift */,
				D069D880FDCF98D225839715 /* ApplicationInstallLocation.swift */,
				5FC0702457464DEADE582A6D /* SpotifyTrayApp.swift */,
			);
			path = App;
			sourceTree = "<group>";
		};
		1BC26F39A96073EE4EB4F112 /* Support */ = {
			isa = PBXGroup;
			children = (
				4C6F2C9F27337DD21139BF4B /* AppLogger.swift */,
			);
			path = Support;
			sourceTree = "<group>";
		};
		2F3C0853820F65EE6766CCF2 /* Sources */ = {
			isa = PBXGroup;
			children = (
				11DAD2A9960510FE23C44791 /* App */,
				B8FA0DF41241DF042BACCB30 /* Controls */,
				4877ED36170EAF03B2303AE4 /* Menu */,
				CDE5D0BB7A66F3EA9D18EEC4 /* Models */,
				8F2EB8ED77F9AF4A1DE26ED4 /* Networking */,
				84FC980946D92AA521F0F48E /* Playback */,
				360D740AB5B9699698678A2B /* Storage */,
				1BC26F39A96073EE4EB4F112 /* Support */,
				0C1CF511166E64026084A68B /* UI */,
				C9B781E4B30AF32EF2789C30 /* ViewModels */,
			);
			path = Sources;
			sourceTree = "<group>";
		};
		3183C2B040BC031A2076CC7A /* Tests */ = {
			isa = PBXGroup;
			children = (
				9F2BA20F6335E8D5373CCB18 /* ClientConfigurationStoreTests.swift */,
				D1E9AFBCEE091300076462FB /* PKCETests.swift */,
				76F13E03FBA1799533888073 /* PlaybackCoordinatorTests.swift */,
				39F029AC6DF1E810D43F72ED /* SearchViewModelTests.swift */,
				AAB1BDE29AF2896F7C83E935 /* SpotifyModelsTests.swift */,
			);
			path = Tests;
			sourceTree = "<group>";
		};
		360D740AB5B9699698678A2B /* Storage */ = {
			isa = PBXGroup;
			children = (
				61E1B1F4859670FFE7B51D53 /* ClientConfigurationStore.swift */,
				10EF63D0AFBB648FD1A9A4DA /* KeychainStore.swift */,
			);
			path = Storage;
			sourceTree = "<group>";
		};
		4877ED36170EAF03B2303AE4 /* Menu */ = {
			isa = PBXGroup;
			children = (
				3B3EC5E3F1697CE6DEA8F12E /* LaunchAtLoginManager.swift */,
				738A0057A8A7DA7D01EC72C5 /* StatusBarController.swift */,
			);
			path = Menu;
			sourceTree = "<group>";
		};
		5DAF2D2580D14A387F4072A1 /* Products */ = {
			isa = PBXGroup;
			children = (
				EC806032504B7C8866E92F34 /* SpotifyTray.app */,
				260743B25F2F3CA9BCEC6C2E /* SpotifyTrayTests.xctest */,
			);
			name = Products;
			sourceTree = "<group>";
		};
		84FC980946D92AA521F0F48E /* Playback */ = {
			isa = PBXGroup;
			children = (
				893A52F80D221129C1EF99FD /* PlaybackCoordinator.swift */,
			);
			path = Playback;
			sourceTree = "<group>";
		};
		8F2EB8ED77F9AF4A1DE26ED4 /* Networking */ = {
			isa = PBXGroup;
			children = (
				787AD45A5CA461E62461ADEB /* SpotifyAPIClient.swift */,
				16EE1830D52EF759AC7ED75D /* SpotifyAuthManager.swift */,
			);
			path = Networking;
			sourceTree = "<group>";
		};
		98B012ECE2FDD980AEE81A63 /* Config */ = {
			isa = PBXGroup;
			children = (
				3CA59B120557CBADCB26F082 /* Debug.xcconfig */,
				DA84684339F7059D2A649A5E /* Release.xcconfig */,
			);
			path = Config;
			sourceTree = "<group>";
		};
		B8FA0DF41241DF042BACCB30 /* Controls */ = {
			isa = PBXGroup;
			children = (
				5BC936FF61D8DBFED2CB5094 /* AppleScriptTransportController.swift */,
				ABD73A4C6995F36F6493BACD /* HotKeyManager.swift */,
			);
			path = Controls;
			sourceTree = "<group>";
		};
		C758954E1D82F2AEFDAD4849 = {
			isa = PBXGroup;
			children = (
				98B012ECE2FDD980AEE81A63 /* Config */,
				2F3C0853820F65EE6766CCF2 /* Sources */,
				E661C1C2425480F043D92624 /* SpotifyTray */,
				3183C2B040BC031A2076CC7A /* Tests */,
				5DAF2D2580D14A387F4072A1 /* Products */,
			);
			sourceTree = "<group>";
		};
		C9B781E4B30AF32EF2789C30 /* ViewModels */ = {
			isa = PBXGroup;
			children = (
				96869FF96C5499B0FA42AEEB /* SearchViewModel.swift */,
			);
			path = ViewModels;
			sourceTree = "<group>";
		};
		CDE5D0BB7A66F3EA9D18EEC4 /* Models */ = {
			isa = PBXGroup;
			children = (
				0257466424EEAC3418CA7BB7 /* SearchRowState.swift */,
				4E9E1A010DE4009B83ABF0F4 /* SpotifyModels.swift */,
			);
			path = Models;
			sourceTree = "<group>";
		};
		E661C1C2425480F043D92624 /* SpotifyTray */ = {
			isa = PBXGroup;
			children = (
				FCBEEDC0BAD367C382051D1B /* Assets.xcassets */,
			);
			path = SpotifyTray;
			sourceTree = "<group>";
		};
/* End PBXGroup section */

/* Begin PBXNativeTarget section */
		6BBC1CC9696800051E473F6D /* SpotifyTrayTests */ = {
			isa = PBXNativeTarget;
			buildConfigurationList = 2B0175C899E4C021E8A82AB6 /* Build configuration list for PBXNativeTarget "SpotifyTrayTests" */;
			buildPhases = (
				F928E31BD0CC3D8009B1923B /* Sources */,
			);
			buildRules = (
			);
			dependencies = (
				BD7F34E047FC2AFCD035ED0D /* PBXTargetDependency */,
			);
			name = SpotifyTrayTests;
			packageProductDependencies = (
			);
			productName = SpotifyTrayTests;
			productReference = 260743B25F2F3CA9BCEC6C2E /* SpotifyTrayTests.xctest */;
			productType = "com.apple.product-type.bundle.unit-test";
		};
		F975153DAC6147B4A17E50D4 /* SpotifyTray */ = {
			isa = PBXNativeTarget;
			buildConfigurationList = 9913C5327E685310E28E7D02 /* Build configuration list for PBXNativeTarget "SpotifyTray" */;
			buildPhases = (
				85997A8E328E4DFD63BC834E /* Sources */,
				5A0F15F4BED514ED1A952FEE /* Resources */,
				276D39184CDE453486DA6AC5 /* Frameworks */,
			);
			buildRules = (
			);
			dependencies = (
			);
			name = SpotifyTray;
			packageProductDependencies = (
				0C31B4B75B61ECA6332F9D50 /* Sparkle */,
			);
			productName = SpotifyTray;
			productReference = EC806032504B7C8866E92F34 /* SpotifyTray.app */;
			productType = "com.apple.product-type.application";
		};
/* End PBXNativeTarget section */

/* Begin PBXProject section */
		6B5724C31A284178B9C72F51 /* Project object */ = {
			isa = PBXProject;
			attributes = {
				BuildIndependentTargetsInParallel = YES;
				LastUpgradeCheck = 1430;
			};
			buildConfigurationList = 55A1B540146563E449ED9267 /* Build configuration list for PBXProject "SpotifyTray" */;
			compatibilityVersion = "Xcode 14.0";
			developmentRegion = en;
			hasScannedForEncodings = 0;
			knownRegions = (
				Base,
				en,
			);
			mainGroup = C758954E1D82F2AEFDAD4849;
			minimizedProjectReferenceProxies = 1;
			packageReferences = (
				5240348B497454C95C6D59A2 /* XCRemoteSwiftPackageReference "Sparkle" */,
			);
			preferredProjectObjectVersion = 77;
			projectDirPath = "";
			projectRoot = "";
			targets = (
				F975153DAC6147B4A17E50D4 /* SpotifyTray */,
				6BBC1CC9696800051E473F6D /* SpotifyTrayTests */,
			);
		};
/* End PBXProject section */

/* Begin PBXResourcesBuildPhase section */
		5A0F15F4BED514ED1A952FEE /* Resources */ = {
			isa = PBXResourcesBuildPhase;
			buildActionMask = 2147483647;
			files = (
				BD6872D5F983C4EC5B373F31 /* Assets.xcassets in Resources */,
			);
			runOnlyForDeploymentPostprocessing = 0;
		};
/* End PBXResourcesBuildPhase section */

/* Begin PBXSourcesBuildPhase section */
		85997A8E328E4DFD63BC834E /* Sources */ = {
			isa = PBXSourcesBuildPhase;
			buildActionMask = 2147483647;
			files = (
				8248961346F1AF80390C66DF /* AppConfiguration.swift in Sources */,
				D14D0FF2DDB7A3EF29985222 /* AppDelegate.swift in Sources */,
				40E3D81CAEC80ABCD7984A1D /* AppEnvironment.swift in Sources */,
				3B37C3522D9F37A3AD126B69 /* AppLogger.swift in Sources */,
				E67CA6246282573277F07994 /* AppleScriptTransportController.swift in Sources */,
				1DDE55C440A17EFCA4DED66D /* ApplicationInstallLocation.swift in Sources */,
				761224B0A70CFF59137D1FAC /* ClientConfigurationStore.swift in Sources */,
				2F8EB7F781D9706D8AB58661 /* HotKeyManager.swift in Sources */,
				190515C3A633F2083DCDDB61 /* KeychainStore.swift in Sources */,
				D0A2E65D4CCDDF1D80C39AFA /* LaunchAtLoginManager.swift in Sources */,
				D3796AD9E2BF859779CDE111 /* PlaybackCoordinator.swift in Sources */,
				605A51BB7DBB7C6541C7015C /* SearchPanelController.swift in Sources */,
				9226DB52A4A136D75D4C5436 /* SearchPanelView.swift in Sources */,
				EBFBABEC525CF9C596D86765 /* SearchRowState.swift in Sources */,
				2C87FF2DB9E7E03B0174BD23 /* SearchViewModel.swift in Sources */,
				16FA4CBA85F384013D462691 /* SpotifyAPIClient.swift in Sources */,
				B78E6E21268F65FE172A56C1 /* SpotifyAuthManager.swift in Sources */,
				9D8C690C46E232B757E3CA62 /* SpotifyModels.swift in Sources */,
				E2A4CB2704F7DA296E0221DC /* SpotifyTrayApp.swift in Sources */,
				7DA2304CAF305F3255FBA5CC /* StatusBarController.swift in Sources */,
			);
			runOnlyForDeploymentPostprocessing = 0;
		};
		F928E31BD0CC3D8009B1923B /* Sources */ = {
			isa = PBXSourcesBuildPhase;
			buildActionMask = 2147483647;
			files = (
				9EEC254F40213FE846297300 /* ClientConfigurationStoreTests.swift in Sources */,
				5ED0FDD18425AB8DBCCEE83F /* PKCETests.swift in Sources */,
				B547386045B20130BAF77EE8 /* PlaybackCoordinatorTests.swift in Sources */,
				12CDF142FE09D806B4DCC099 /* SearchViewModelTests.swift in Sources */,
				D2CA570FFA11A472ECF14CE4 /* SpotifyModelsTests.swift in Sources */,
			);
			runOnlyForDeploymentPostprocessing = 0;
		};
/* End PBXSourcesBuildPhase section */

/* Begin PBXTargetDependency section */
		BD7F34E047FC2AFCD035ED0D /* PBXTargetDependency */ = {
			isa = PBXTargetDependency;
			target = F975153DAC6147B4A17E50D4 /* SpotifyTray */;
			targetProxy = 8976137E80A364161994B892 /* PBXContainerItemProxy */;
		};
/* End PBXTargetDependency section */

/* Begin XCBuildConfiguration section */
		70C85BD1A91E59DF6FEB64C3 /* Debug */ = {
			isa = XCBuildConfiguration;
			buildSettings = {
				BUNDLE_LOADER = "$(TEST_HOST)";
				COMBINE_HIDPI_IMAGES = YES;
				GENERATE_INFOPLIST_FILE = YES;
				LD_RUNPATH_SEARCH_PATHS = (
					"$(inherited)",
					"@executable_path/../Frameworks",
					"@loader_path/../Frameworks",
				);
				MACOSX_DEPLOYMENT_TARGET = 14.0;
				PRODUCT_BUNDLE_IDENTIFIER = app.spotifytray.tests;
				PRODUCT_MODULE_NAME = SpotifyTrayTests;
				PRODUCT_NAME = SpotifyTrayTests;
				SDKROOT = macosx;
				TEST_HOST = "$(BUILT_PRODUCTS_DIR)/SpotifyTray.app/Contents/MacOS/SpotifyTray";
			};
			name = Debug;
		};
		8D4F450CB2E345B802E38C57 /* Debug */ = {
			isa = XCBuildConfiguration;
			buildSettings = {
				ALWAYS_SEARCH_USER_PATHS = NO;
				CLANG_ANALYZER_NONNULL = YES;
				CLANG_ANALYZER_NUMBER_OBJECT_CONVERSION = YES_AGGRESSIVE;
				CLANG_CXX_LANGUAGE_STANDARD = "gnu++14";
				CLANG_CXX_LIBRARY = "libc++";
				CLANG_ENABLE_MODULES = YES;
				CLANG_ENABLE_OBJC_ARC = YES;
				CLANG_ENABLE_OBJC_WEAK = YES;
				CLANG_WARN_BLOCK_CAPTURE_AUTORELEASING = YES;
				CLANG_WARN_BOOL_CONVERSION = YES;
				CLANG_WARN_COMMA = YES;
				CLANG_WARN_CONSTANT_CONVERSION = YES;
				CLANG_WARN_DEPRECATED_OBJC_IMPLEMENTATIONS = YES;
				CLANG_WARN_DIRECT_OBJC_ISA_USAGE = YES_ERROR;
				CLANG_WARN_DOCUMENTATION_COMMENTS = YES;
				CLANG_WARN_EMPTY_BODY = YES;
				CLANG_WARN_ENUM_CONVERSION = YES;
				CLANG_WARN_INFINITE_RECURSION = YES;
				CLANG_WARN_INT_CONVERSION = YES;
				CLANG_WARN_NON_LITERAL_NULL_CONVERSION = YES;
				CLANG_WARN_OBJC_IMPLICIT_RETAIN_SELF = YES;
				CLANG_WARN_OBJC_LITERAL_CONVERSION = YES;
				CLANG_WARN_OBJC_ROOT_CLASS = YES_ERROR;
				CLANG_WARN_QUOTED_INCLUDE_IN_FRAMEWORK_HEADER = YES;
				CLANG_WARN_RANGE_LOOP_ANALYSIS = YES;
				CLANG_WARN_STRICT_PROTOTYPES = YES;
				CLANG_WARN_SUSPICIOUS_MOVE = YES;
				CLANG_WARN_UNGUARDED_AVAILABILITY = YES_AGGRESSIVE;
				CLANG_WARN_UNREACHABLE_CODE = YES;
				CLANG_WARN__DUPLICATE_METHOD_MATCH = YES;
				COPY_PHASE_STRIP = NO;
				DEBUG_INFORMATION_FORMAT = dwarf;
				ENABLE_STRICT_OBJC_MSGSEND = YES;
				ENABLE_TESTABILITY = YES;
				GCC_C_LANGUAGE_STANDARD = gnu11;
				GCC_DYNAMIC_NO_PIC = NO;
				GCC_NO_COMMON_BLOCKS = YES;
				GCC_OPTIMIZATION_LEVEL = 0;
				GCC_PREPROCESSOR_DEFINITIONS = (
					"$(inherited)",
					"DEBUG=1",
				);
				GCC_WARN_64_TO_32_BIT_CONVERSION = YES;
				GCC_WARN_ABOUT_RETURN_TYPE = YES_ERROR;
				GCC_WARN_UNDECLARED_SELECTOR = YES;
				GCC_WARN_UNINITIALIZED_AUTOS = YES_AGGRESSIVE;
				GCC_WARN_UNUSED_FUNCTION = YES;
				GCC_WARN_UNUSED_VARIABLE = YES;
				MACOSX_DEPLOYMENT_TARGET = 14.0;
				MTL_ENABLE_DEBUG_INFO = INCLUDE_SOURCE;
				MTL_FAST_MATH = YES;
				ONLY_ACTIVE_ARCH = YES;
				PRODUCT_NAME = SpotifyTray;
				SDKROOT = macosx;
				SWIFT_ACTIVE_COMPILATION_CONDITIONS = DEBUG;
				SWIFT_OPTIMIZATION_LEVEL = "-Onone";
				SWIFT_VERSION = 6.0;
			};
			name = Debug;
		};
		C2B63A3FFF3B7CCA6835A263 /* Release */ = {
			isa = XCBuildConfiguration;
			buildSettings = {
				BUNDLE_LOADER = "$(TEST_HOST)";
				COMBINE_HIDPI_IMAGES = YES;
				GENERATE_INFOPLIST_FILE = YES;
				LD_RUNPATH_SEARCH_PATHS = (
					"$(inherited)",
					"@executable_path/../Frameworks",
					"@loader_path/../Frameworks",
				);
				MACOSX_DEPLOYMENT_TARGET = 14.0;
				PRODUCT_BUNDLE_IDENTIFIER = app.spotifytray.tests;
				PRODUCT_MODULE_NAME = SpotifyTrayTests;
				PRODUCT_NAME = SpotifyTrayTests;
				SDKROOT = macosx;
				TEST_HOST = "$(BUILT_PRODUCTS_DIR)/SpotifyTray.app/Contents/MacOS/SpotifyTray";
			};
			name = Release;
		};
		C3E478B4D7FF15CD25A6AF9B /* Release */ = {
			isa = XCBuildConfiguration;
			baseConfigurationReference = DA84684339F7059D2A649A5E /* Release.xcconfig */;
			buildSettings = {
				ASSETCATALOG_COMPILER_APPICON_NAME = AppIcon;
				CODE_SIGN_ENTITLEMENTS = SpotifyTray/SpotifyTray.entitlements;
				CODE_SIGN_IDENTITY = "Developer ID Application";
				CODE_SIGN_STYLE = Manual;
				COMBINE_HIDPI_IMAGES = YES;
				CURRENT_PROJECT_VERSION = 1;
				ENABLE_HARDENED_RUNTIME = YES;
				INFOPLIST_FILE = SpotifyTray/Info.plist;
				LD_RUNPATH_SEARCH_PATHS = (
					"$(inherited)",
					"@executable_path/../Frameworks",
				);
				MACOSX_DEPLOYMENT_TARGET = 14.0;
				MARKETING_VERSION = 1.0;
				OTHER_CODE_SIGN_FLAGS = "--timestamp";
				PRODUCT_BUNDLE_IDENTIFIER = app.spotifytray;
				SDKROOT = macosx;
			};
			name = Release;
		};
		E4573BCB6514141FED7C96A4 /* Debug */ = {
			isa = XCBuildConfiguration;
			baseConfigurationReference = 3CA59B120557CBADCB26F082 /* Debug.xcconfig */;
			buildSettings = {
				ASSETCATALOG_COMPILER_APPICON_NAME = AppIcon;
				CODE_SIGN_ENTITLEMENTS = SpotifyTray/SpotifyTray.entitlements;
				CODE_SIGN_IDENTITY = "-";
				CODE_SIGN_STYLE = Automatic;
				COMBINE_HIDPI_IMAGES = YES;
				CURRENT_PROJECT_VERSION = 1;
				ENABLE_HARDENED_RUNTIME = YES;
				INFOPLIST_FILE = SpotifyTray/Info.plist;
				LD_RUNPATH_SEARCH_PATHS = (
					"$(inherited)",
					"@executable_path/../Frameworks",
				);
				MACOSX_DEPLOYMENT_TARGET = 14.0;
				MARKETING_VERSION = 1.0;
				PRODUCT_BUNDLE_IDENTIFIER = app.spotifytray;
				SDKROOT = macosx;
			};
			name = Debug;
		};
		FEDB0110D0750B6A126BCD95 /* Release */ = {
			isa = XCBuildConfiguration;
			buildSettings = {
				ALWAYS_SEARCH_USER_PATHS = NO;
				CLANG_ANALYZER_NONNULL = YES;
				CLANG_ANALYZER_NUMBER_OBJECT_CONVERSION = YES_AGGRESSIVE;
				CLANG_CXX_LANGUAGE_STANDARD = "gnu++14";
				CLANG_CXX_LIBRARY = "libc++";
				CLANG_ENABLE_MODULES = YES;
				CLANG_ENABLE_OBJC_ARC = YES;
				CLANG_ENABLE_OBJC_WEAK = YES;
				CLANG_WARN_BLOCK_CAPTURE_AUTORELEASING = YES;
				CLANG_WARN_BOOL_CONVERSION = YES;
				CLANG_WARN_COMMA = YES;
				CLANG_WARN_CONSTANT_CONVERSION = YES;
				CLANG_WARN_DEPRECATED_OBJC_IMPLEMENTATIONS = YES;
				CLANG_WARN_DIRECT_OBJC_ISA_USAGE = YES_ERROR;
				CLANG_WARN_DOCUMENTATION_COMMENTS = YES;
				CLANG_WARN_EMPTY_BODY = YES;
				CLANG_WARN_ENUM_CONVERSION = YES;
				CLANG_WARN_INFINITE_RECURSION = YES;
				CLANG_WARN_INT_CONVERSION = YES;
				CLANG_WARN_NON_LITERAL_NULL_CONVERSION = YES;
				CLANG_WARN_OBJC_IMPLICIT_RETAIN_SELF = YES;
				CLANG_WARN_OBJC_LITERAL_CONVERSION = YES;
				CLANG_WARN_OBJC_ROOT_CLASS = YES_ERROR;
				CLANG_WARN_QUOTED_INCLUDE_IN_FRAMEWORK_HEADER = YES;
				CLANG_WARN_RANGE_LOOP_ANALYSIS = YES;
				CLANG_WARN_STRICT_PROTOTYPES = YES;
				CLANG_WARN_SUSPICIOUS_MOVE = YES;
				CLANG_WARN_UNGUARDED_AVAILABILITY = YES_AGGRESSIVE;
				CLANG_WARN_UNREACHABLE_CODE = YES;
				CLANG_WARN__DUPLICATE_METHOD_MATCH = YES;
				COPY_PHASE_STRIP = NO;
				DEBUG_INFORMATION_FORMAT = "dwarf-with-dsym";
				ENABLE_NS_ASSERTIONS = NO;
				ENABLE_STRICT_OBJC_MSGSEND = YES;
				GCC_C_LANGUAGE_STANDARD = gnu11;
				GCC_NO_COMMON_BLOCKS = YES;
				GCC_WARN_64_TO_32_BIT_CONVERSION = YES;
				GCC_WARN_ABOUT_RETURN_TYPE = YES_ERROR;
				GCC_WARN_UNDECLARED_SELECTOR = YES;
				GCC_WARN_UNINITIALIZED_AUTOS = YES_AGGRESSIVE;
				GCC_WARN_UNUSED_FUNCTION = YES;
				GCC_WARN_UNUSED_VARIABLE = YES;
				MACOSX_DEPLOYMENT_TARGET = 14.0;
				MTL_ENABLE_DEBUG_INFO = NO;
				MTL_FAST_MATH = YES;
				PRODUCT_NAME = SpotifyTray;
				SDKROOT = macosx;
				SWIFT_COMPILATION_MODE = wholemodule;
				SWIFT_OPTIMIZATION_LEVEL = "-O";
				SWIFT_VERSION = 6.0;
			};
			name = Release;
		};
/* End XCBuildConfiguration section */

/* Begin XCConfigurationList section */
		2B0175C899E4C021E8A82AB6 /* Build configuration list for PBXNativeTarget "SpotifyTrayTests" */ = {
			isa = XCConfigurationList;
			buildConfigurations = (
				70C85BD1A91E59DF6FEB64C3 /* Debug */,
				C2B63A3FFF3B7CCA6835A263 /* Release */,
			);
			defaultConfigurationIsVisible = 0;
			defaultConfigurationName = Debug;
		};
		55A1B540146563E449ED9267 /* Build configuration list for PBXProject "SpotifyTray" */ = {
			isa = XCConfigurationList;
			buildConfigurations = (
				8D4F450CB2E345B802E38C57 /* Debug */,
				FEDB0110D0750B6A126BCD95 /* Release */,
			);
			defaultConfigurationIsVisible = 0;
			defaultConfigurationName = Debug;
		};
		9913C5327E685310E28E7D02 /* Build configuration list for PBXNativeTarget "SpotifyTray" */ = {
			isa = XCConfigurationList;
			buildConfigurations = (
				E4573BCB6514141FED7C96A4 /* Debug */,
				C3E478B4D7FF15CD25A6AF9B /* Release */,
			);
			defaultConfigurationIsVisible = 0;
			defaultConfigurationName = Debug;
		};
/* End XCConfigurationList section */

/* Begin XCRemoteSwiftPackageReference section */
		5240348B497454C95C6D59A2 /* XCRemoteSwiftPackageReference "Sparkle" */ = {
			isa = XCRemoteSwiftPackageReference;
			repositoryURL = "https://github.com/sparkle-project/Sparkle";
			requirement = {
				kind = upToNextMajorVersion;
				minimumVersion = 2.6.0;
			};
		};
/* End XCRemoteSwiftPackageReference section */

/* Begin XCSwiftPackageProductDependency section */
		0C31B4B75B61ECA6332F9D50 /* Sparkle */ = {
			isa = XCSwiftPackageProductDependency;
			package = 5240348B497454C95C6D59A2 /* XCRemoteSwiftPackageReference "Sparkle" */;
			productName = Sparkle;
		};
/* End XCSwiftPackageProductDependency section */
	};
	rootObject = 6B5724C31A284178B9C72F51 /* Project object */;
}
